
Microsoft Visual Studio Solution File, Format Version 12.00
# Visual Studio Version 16
VisualStudioVersion = 16.0.29911.84
MinimumVisualStudioVersion = 10.0.40219.1
Project("{FAE04EC0-301F-11D3-BF4B-00C04F79EFBC}") = "Test2", "Test2\Test2.csproj", "{19D64DFC-CCEF-4070-93FB-0B75B3DEA325}"
EndProject
Global
	GlobalSection(SolutionConfigurationPlatforms) = preSolution
		Debug|Any CPU = Debug|Any CPU
		Release|Any CPU = Release|Any CPU
	EndGlobalSection
	GlobalSection(ProjectConfigurationPlatforms) = postSolution
		{19D64DFC-CCEF-4070-93FB-0B75B3DEA325}.Debug|Any CPU.ActiveCfg = Debug|Any CPU
		{19D64DFC-CCEF-4070-93FB-0B75B3DEA325}.Debug|Any CPU.Build.0 = Debug|Any CPU
		{19D64DFC-CCEF-4070-93FB-0B75B3DEA325}.Release|Any CPU.ActiveCfg = Release|Any CPU
		{19D64DFC-CCEF-4070-93FB-0B75B3DEA325}.Release|Any CPU.Build.0 = Release|Any CPU
	EndGlobalSection
	GlobalSection(SolutionProperties) = preSolution
		HideSolutionNode = FALSE
	EndGlobalSection
	GlobalSection(ExtensibilityGlobals) = postSolution
		SolutionGuid = {7028097F-2F5C-41D5-BBE3-8A7A7A4F0334}
	EndGlobalSection
EndGlobal
